
Microsoft Visual Studio Solution File, Format Version 12.00
# Visual Studio Version 16
VisualStudioVersion = 16.0.29009.5
MinimumVisualStudioVersion = 10.0.40219.1
Project("{FAE04EC0-301F-11D3-BF4B-00C04F79EFBC}") = "JobScheduler", "JobScheduler\JobScheduler.csproj", "{79DC08C4-13B3-445A-9E3F-B0AE6F8F2294}"
EndProject
Project("{FAE04EC0-301F-11D3-BF4B-00C04F79EFBC}") = "JobScheduler.Tests", "JobScheduler.Tests\JobScheduler.Tests.csproj", "{4C003F4E-F9AA-4BFD-8BA7-64FE1E07F850}"
EndProject
Global
	GlobalSection(SolutionConfigurationPlatforms) = preSolution
		Debug|Any CPU = Debug|Any CPU
		Release|Any CPU = Release|Any CPU
	EndGlobalSection
	GlobalSection(ProjectConfigurationPlatforms) = postSolution
		{79DC08C4-13B3-445A-9E3F-B0AE6F8F2294}.Debug|Any CPU.ActiveCfg = Debug|Any CPU
		{79DC08C4-13B3-445A-9E3F-B0AE6F8F2294}.Debug|Any CPU.Build.0 = Debug|Any CPU
		{79DC08C4-13B3-445A-9E3F-B0AE6F8F2294}.Release|Any CPU.ActiveCfg = Release|Any CPU
		{79DC08C4-13B3-445A-9E3F-B0AE6F8F2294}.Release|Any CPU.Build.0 = Release|Any CPU
		{4C003F4E-F9AA-4BFD-8BA7-64FE1E07F850}.Debug|Any CPU.ActiveCfg = Debug|Any CPU
		{4C003F4E-F9AA-4BFD-8BA7-64FE1E07F850}.Debug|Any CPU.Build.0 = Debug|Any CPU
		{4C003F4E-F9AA-4BFD-8BA7-64FE1E07F850}.Release|Any CPU.ActiveCfg = Release|Any CPU
		{4C003F4E-F9AA-4BFD-8BA7-64FE1E07F850}.Release|Any CPU.Build.0 = Release|Any CPU
	EndGlobalSection
	GlobalSection(SolutionProperties) = preSolution
		HideSolutionNode = FALSE
	EndGlobalSection
	GlobalSection(ExtensibilityGlobals) = postSolution
		SolutionGuid = {876C4068-C882-4A4B-A4C9-A7F168B971D5}
	EndGlobalSection
EndGlobal
